version = 1
revision = 3
requires-python = "==3.12.*"

[[package]]
name = "attrs"
version = "26.1.0"
source = { registry = "https://pypi.org/simple" }
sdist = { url = "https://files.pythonhosted.org/packages/9a/8e/82a0fe20a541c03148528be8cac2408564a6c9a0cc7e9171802bc1d26985/attrs-26.1.0.tar.gz", hash = "sha256:d03ceb89cb322a8fd706d4fb91940737b6642aa36998fe130a9bc96c985eff32", size = 952055, upload-time = "2026-03-19T14:22:25.026Z" }
wheels = [
    { url = "https://files.pythonhosted.org/packages/64/b4/17d4b0b2a2dc85a6df63d1157e028ed19f90d4cd97c36717afef2bc2f395/attrs-26.1.0-py3-none-any.whl", hash = "sha256:c647aa4a12dfbad9333ca4e71fe62ddc36f4e63b2d260a37a8b83d2f043ac309", size = 67548, upload-time = "2026-03-19T14:22:23.645Z" },
]

[[package]]
name = "cet4-vocabulary-stories"
version = "0.1.0"
source = { editable = "." }
dependencies = [
    { name = "fonttools" },
    { name = "openpyxl" },
    { name = "pandas" },
    { name = "pillow" },
    { name = "pymupdf" },
    { name = "pypdf" },
    { name = "reportlab" },
]

[package.optional-dependencies]
dev = [
    { name = "jsonschema" },
    { name = "pytest" },
    { name = "ruff" },
]

[package.metadata]
requires-dist = [
    { name = "fonttools", specifier = "==4.55.3" },
    { name = "jsonschema", marker = "extra == 'dev'", specifier = "==4.23.0" },
    { name = "openpyxl", specifier = "==3.1.5" },
    { name = "pandas", specifier = "==2.2.3" },
    { name = "pillow", specifier = "==11.0.0" },
    { name = "pymupdf", specifier = "==1.25.1" },
    { name = "pypdf", specifier = "==5.1.0" },
    { name = "pytest", marker = "extra == 'dev'", specifier = "==8.3.4" },
    { name = "reportlab", specifier = "==4.2.5" },
    { name = "ruff", marker = "extra == 'dev'", specifier = "==0.8.4" },
]
provides-extras = ["dev"]

[[package]]
name = "chardet"
version = "7.6.0"
source = { registry = "https://pypi.org/simple" }
sdist = { url = "https://files.pythonhosted.org/packages/b1/51/cd61c567092a6cec796144510a68aff158ebfc1df82950a45bae65f28413/chardet-7.6.0.tar.gz", hash = "sha256:93d9df6089ded42ed1fe9f57e272c0b74bd0464d45c0c7d50f09f26f31105c3c", size = 914462, upload-time = "2026-08-14T20:36:59.305Z" }
wheels = [
    { url = "https://files.pythonhosted.org/packages/6f/62/64da80dad0c804e743b4156f379183578f1e33918856ae928dc9248a6002/chardet-7.6.0-cp312-cp312-macosx_10_13_x86_64.whl", hash = "sha256:19fea52164e6e00f2a21ed418f42e4b0162a09199274c86d07ad3efd661317c4", size = 1094073, upload-time = "2026-08-14T20:36:26.53Z" },
    { url = "https://files.pythonhosted.org/packages/44/99/934fb862d102c8756008597f4398323f32cef329f16e87fbb3bf76d4f4be/chardet-7.6.0-cp312-cp312-macosx_11_0_arm64.whl", hash = "sha256:a12023d48d0e207791c01161d03cb3c0d85c6a15f345eb9d3d56063a63d1e40f", size = 1071612, upload-time = "2026-08-14T20:36:28.067Z" },
    { url = "https://files.pythonhosted.org/packages/71/e9/b04e0ec576a77e79fe37279a9a5d5b1ae752d365e43df2eca0d0eee4cea5/chardet-7.6.0-cp312-cp312-manylinux2014_aarch64.manylinux_2_17_aarch64.manylinux_2_28_aarch64.whl", hash = "sha256:249993b88ac7a58cad2781acea8f379152a28a719c9b401d614898c63a8c83da", size = 1489219, upload-time = "2026-08-14T20:36:29.357Z" },
    { url = "https://files.pythonhosted.org/packages/7d/a2/c4d99299e9ce7fad561f8bb56babbbbdd3bb6b4fbd7c0ec674c1dbdd2cc5/chardet-7.6.0-cp312-cp312-manylinux2014_x86_64.manylinux_2_17_x86_64.manylinux_2_28_x86_64.whl", hash = "sha256:2cf0adaca8b1c4bacfade9d0a1e4f8f70b1bb122833d6f07ab90e3adc84eb13a", size = 1518293, upload-time = "2026-08-14T20:36:30.879Z" },
    { url = "https://files.pythonhosted.org/packages/56/1d/49f13052b74303bab2789d098063cbd19758217949ea54ffa216b6098cb3/chardet-7.6.0-cp312-cp312-manylinux_2_31_riscv64.manylinux_2_39_riscv64.whl", hash = "sha256:cf6d08c2373b7772a558d141f9e8cee53fe1d222341bac612e4d558b04995f73", size = 1459077, upload-time = "2026-08-14T20:36:32.149Z" },
    { url = "https://files.pythonhosted.org/packages/0d/53/8da1f4758286efd8faf71356facddb382788ecf1bbd7c70d63e2e18a4898/chardet-7.6.0-cp312-cp312-win_amd64.whl", hash = "sha256:406936df1328a3284fef366eaa2bfd1cccd0ef1b10cb99781dd5b022ea644b84", size = 1160778, upload-time = "2026-08-14T20:36:33.436Z" },
    { url = "https://files.pythonhosted.org/packages/cf/6e/5a0b348fa4cd7847567a28c6e697ccf58391960bfd13a6e7473ee23ca2f2/chardet-7.6.0-py3-none-any.whl", hash = "sha256:4076d795897ce45239825956a1334e134322ecc4bfe84dbb12acd5390de0fbc1", size = 680279, upload-time = "2026-08-14T20:36:57.763Z" },
]

[[package]]
name = "colorama"
version = "0.4.6"
source = { registry = "https://pypi.org/simple" }
sdist = { url = "https://files.pythonhosted.org/packages/d8/53/6f443c9a4a8358a93a6792e2acffb9d9d5cb0a5cfd8802644b7b1c9a02e4/colorama-0.4.6.tar.gz", hash = "sha256:08695f5cb7ed6e0531a20572697297273c47b8cae5a63ffc6d6ed5c201be6e44", size = 27697, upload-time = "2022-10-25T02:36:22.414Z" }
wheels = [
    { url = "https://files.pythonhosted.org/packages/d1/d6/3965ed04c63042e047cb6a3e6ed1a63a35087b6a609aa3a15ed8ac56c221/colorama-0.4.6-py2.py3-none-any.whl", hash = "sha256:4f1d9991f5acc0ca119f9d443620b77f9d6b33703e51011c16baf57afb285fc6", size = 25335, upload-time = "2022-10-25T02:36:20.889Z" },
]

[[package]]
name = "et-xmlfile"
version = "2.0.0"
source = { registry = "https://pypi.org/simple" }
sdist = { url = "https://files.pythonhosted.org/packages/d3/38/af70d7ab1ae9d4da450eeec1fa3918940a5fafb9055e934af8d6eb0c2313/et_xmlfile-2.0.0.tar.gz", hash = "sha256:dab3f4764309081ce75662649be815c4c9081e88f0837825f90fd28317d4da54", size = 17234, upload-time = "2024-10-25T17:25:40.039Z" }
wheels = [
    { url = "https://files.pythonhosted.org/packages/c1/8b/5fe2cc11fee489817272089c4203e679c63b570a5aaeb18d852ae3cbba6a/et_xmlfile-2.0.0-py3-none-any.whl", hash = "sha256:7a91720bc756843502c3b7504c77b8fe44217c85c537d85037f0f536151b2caa", size = 18059, upload-time = "2024-10-25T17:25:39.051Z" },
]

[[package]]
name = "fonttools"
version = "4.55.3"
source = { registry = "https://pypi.org/simple" }
sdist = { url = "https://files.pythonhosted.org/packages/76/61/a300d1574dc381393424047c0396a0e213db212e28361123af9830d71a8d/fonttools-4.55.3.tar.gz", hash = "sha256:3983313c2a04d6cc1fe9251f8fc647754cf49a61dac6cb1e7249ae67afaafc45", size = 3498155, upload-time = "2024-12-10T21:39:26.588Z" }
wheels = [
    { url = "https://files.pythonhosted.org/packages/89/58/fbcf5dff7e3ea844bb00c4d806ca1e339e1f2dce5529633bf4842c0c9a1f/fonttools-4.55.3-cp312-cp312-macosx_10_13_universal2.whl", hash = "sha256:f9e736f60f4911061235603a6119e72053073a12c6d7904011df2d8fad2c0e35", size = 2765380, upload-time = "2024-12-10T21:37:33.818Z" },
    { url = "https://files.pythonhosted.org/packages/81/dd/da6e329e51919b4f421c8738f3497e2ab08c168e76aaef7b6d5351862bdf/fonttools-4.55.3-cp312-cp312-macosx_10_13_x86_64.whl", hash = "sha256:7a8aa2c5e5b8b3bcb2e4538d929f6589a5c6bdb84fd16e2ed92649fb5454f11c", size = 2297940, upload-time = "2024-12-10T21:37:36.876Z" },
    { url = "https://files.pythonhosted.org/packages/00/44/f5ee560858425c99ef07e04919e736db09d6416408e5a8d3bbfb4a6623fd/fonttools-4.55.3-cp312-cp312-manylinux_2_17_aarch64.manylinux2014_aarch64.whl", hash = "sha256:07f8288aacf0a38d174445fc78377a97fb0b83cfe352a90c9d9c1400571963c7", size = 4793327, upload-time = "2024-12-10T21:37:39.696Z" },
    { url = "https://files.pythonhosted.org/packages/24/da/0a001926d791c55e29ac3c52964957a20dbc1963615446b568b7432891c3/fonttools-4.55.3-cp312-cp312-manylinux_2_5_x86_64.manylinux1_x86_64.manylinux_2_17_x86_64.manylinux2014_x86_64.whl", hash = "sha256:b8d5e8916c0970fbc0f6f1bece0063363bb5857a7f170121a4493e31c3db3314", size = 4865624, upload-time = "2024-12-10T21:37:42.531Z" },
    { url = "https://files.pythonhosted.org/packages/3d/d8/1edd8b13a427a9fb6418373437caa586c0caa57f260af8e0548f4d11e340/fonttools-4.55.3-cp312-cp312-musllinux_1_2_aarch64.whl", hash = "sha256:ae3b6600565b2d80b7c05acb8e24d2b26ac407b27a3f2e078229721ba5698427", size = 4774166, upload-time = "2024-12-10T21:37:45.66Z" },
    { url = "https://files.pythonhosted.org/packages/9c/ec/ade054097976c3d6debc9032e09a351505a0196aa5493edf021be376f75e/fonttools-4.55.3-cp312-cp312-musllinux_1_2_x86_64.whl", hash = "sha256:54153c49913f45065c8d9e6d0c101396725c5621c8aee744719300f79771d75a", size = 5001832, upload-time = "2024-12-10T21:37:49.699Z" },
    { url = "https://files.pythonhosted.org/packages/e2/cd/233f0e31ad799bb91fc78099c8b4e5ec43b85a131688519640d6bae46f6a/fonttools-4.55.3-cp312-cp312-win32.whl", hash = "sha256:827e95fdbbd3e51f8b459af5ea10ecb4e30af50221ca103bea68218e9615de07", size = 2162228, upload-time = "2024-12-10T21:37:53.524Z" },
    { url = "https://files.pythonhosted.org/packages/46/45/a498b5291f6c0d91b2394b1ed7447442a57d1c9b9cf8f439aee3c316a56e/fonttools-4.55.3-cp312-cp312-win_amd64.whl", hash = "sha256:e6e8766eeeb2de759e862004aa11a9ea3d6f6d5ec710551a88b476192b64fd54", size = 2209118, upload-time = "2024-12-10T21:37:56.951Z" },
    { url = "https://files.pythonhosted.org/packages/99/3b/406d17b1f63e04a82aa621936e6e1c53a8c05458abd66300ac85ea7f9ae9/fonttools-4.55.3-py3-none-any.whl", hash = "sha256:f412604ccbeee81b091b420272841e5ec5ef68967a9790e80bffd0e30b8e2977", size = 1111638, upload-time = "2024-12-10T21:39:22.986Z" },
]

[[package]]
name = "iniconfig"
version = "2.3.0"
source = { registry = "https://pypi.org/simple" }
sdist = { url = "https://files.pythonhosted.org/packages/72/34/14ca021ce8e5dfedc35312d08ba8bf51fdd999c576889fc2c24cb97f4f10/iniconfig-2.3.0.tar.gz", hash = "sha256:c76315c77db068650d49c5b56314774a7804df16fee4402c1f19d6d15d8c4730", size = 20503, upload-time = "2025-10-18T21:55:43.219Z" }
wheels = [
    { url = "https://files.pythonhosted.org/packages/cb/b1/3846dd7f199d53cb17f49cba7e651e9ce294d8497c8c150530ed11865bb8/iniconfig-2.3.0-py3-none-any.whl", hash = "sha256:f631c04d2c48c52b84d0d0549c99ff3859c98df65b3101406327ecc7d53fbf12", size = 7484, upload-time = "2025-10-18T21:55:41.639Z" },
]

[[package]]
name = "jsonschema"
version = "4.23.0"
source = { registry = "https://pypi.org/simple" }
dependencies = [
    { name = "attrs" },
    { name = "jsonschema-specifications" },
    { name = "referencing" },
    { name = "rpds-py" },
]
sdist = { url = "https://files.pythonhosted.org/packages/38/2e/03362ee4034a4c917f697890ccd4aec0800ccf9ded7f511971c75451deec/jsonschema-4.23.0.tar.gz", hash = "sha256:d71497fef26351a33265337fa77ffeb82423f3ea21283cd9467bb03999266bc4", size = 325778, upload-time = "2024-07-08T18:40:05.546Z" }
wheels = [
    { url = "https://files.pythonhosted.org/packages/69/4a/4f9dbeb84e8850557c02365a0eee0649abe5eb1d84af92a25731c6c0f922/jsonschema-4.23.0-py3-none-any.whl", hash = "sha256:fbadb6f8b144a8f8cf9f0b89ba94501d143e50411a1278633f56a7acf7fd5566", size = 88462, upload-time = "2024-07-08T18:40:00.165Z" },
]

[[package]]
name = "jsonschema-specifications"
version = "2025.9.1"
source = { registry = "https://pypi.org/simple" }
dependencies = [
    { name = "referencing" },
]
sdist = { url = "https://files.pythonhosted.org/packages/19/74/a633ee74eb36c44aa6d1095e7cc5569bebf04342ee146178e2d36600708b/jsonschema_specifications-2025.9.1.tar.gz", hash = "sha256:b540987f239e745613c7a9176f3edb72b832a4ac465cf02712288397832b5e8d", size = 32855, upload-time = "2025-09-08T01:34:59.186Z" }
wheels = [
    { url = "https://files.pythonhosted.org/packages/41/45/1a4ed80516f02155c51f51e8cedb3c1902296743db0bbc66608a0db2814f/jsonschema_specifications-2025.9.1-py3-none-any.whl", hash = "sha256:98802fee3a11ee76ecaca44429fda8a41bff98b00a0f2838151b113f210cc6fe", size = 18437, upload-time = "2025-09-08T01:34:57.871Z" },
]

[[package]]
name = "numpy"
version = "2.5.3"
source = { registry = "https://pypi.org/simple" }
sdist = { url = "https://files.pythonhosted.org/packages/13/01/11703282db468b85f6f7b8c7f22d058de5970d5c7e60a3a8aaa313c3de36/numpy-2.5.3.tar.gz", hash = "sha256:df2d5874ff183595a4ba404edd04f6bd9b5505c1d7708573f6a6c17489a67563", size = 20791231, upload-time = "2026-09-06T16:27:47.073Z" }
wheels = [
    { url = "https://files.pythonhosted.org/packages/d6/50/8fdbb16af64895706a45f06a4068e29db732ec180f3c1375f14123359138/numpy-2.5.3-cp312-cp312-macosx_10_13_x86_64.whl", hash = "sha256:cb189f09db39283b26bfd061ec16189e14f71c6755207f72a0f7540867afe5b9", size = 16994982, upload-time = "2026-09-06T16:24:29.244Z" },
    { url = "https://files.pythonhosted.org/packages/60/39/789131c1188c078dcb3a1692e72e1e050c68b88ffe72c9ccaac9bcd7a9cd/numpy-2.5.3-cp312-cp312-macosx_11_0_arm64.whl", hash = "sha256:f59a878c33d6b88122d80d239bb3b845d58708750b0cb06a09aebb9b18ec696c", size = 12009327, upload-time = "2026-09-06T16:24:32.491Z" },
    { url = "https://files.pythonhosted.org/packages/9c/59/a312e95696e5f601914dd8b6dd844692ba61670807417e24b68e337b5c70/numpy-2.5.3-cp312-cp312-macosx_14_0_arm64.whl", hash = "sha256:a72f874bc9e10e4b8f80426fb49716d5141f64442a0c8418065093ec8017fbb0", size = 5445405, upload-time = "2026-09-06T16:24:35.071Z" },
    { url = "https://files.pythonhosted.org/packages/30/d0/5623a1707ed4fe16e3909fe3cf5ee3da004ae677ad23d83bbf3adf1a6faf/numpy-2.5.3-cp312-cp312-macosx_14_0_x86_64.whl", hash = "sha256:fc36dc566135b5eceec4cf89758fcb719266a019ef07dae1754ae7c9f617ef3e", size = 6783213, upload-time = "2026-09-06T16:24:37.253Z" },
    { url = "https://files.pythonhosted.org/packages/f1/32/84146fc020ad3c25f805f70ab60da46fe3c540a21369754a7e4369754b6f/numpy-2.5.3-cp312-cp312-manylinux_2_27_aarch64.manylinux_2_28_aarch64.whl", hash = "sha256:76c2c1e6bfa5c84adc6434dfbf013aa92096a7985221762c8f11fedfd20fff58", size = 15687872, upload-time = "2026-09-06T16:24:39.751Z" },
    { url = "https://files.pythonhosted.org/packages/65/af/aa78d1a88805456e212b65461354cd943197fb9acecc4c90fd12295123a3/numpy-2.5.3-cp312-cp312-manylinux_2_27_x86_64.manylinux_2_28_x86_64.whl", hash = "sha256:b7e18c623bb5c95acb3b3328861272816ba199fb531921c5d6d0b675f1fde9e3", size = 16717410, upload-time = "2026-09-06T16:24:42.745Z" },
    { url = "https://files.pythonhosted.org/packages/3b/24/faa79d865e69a97ba17473b23a1b74094b2259c03e820c70297293b9ea49/numpy-2.5.3-cp312-cp312-musllinux_1_2_aarch64.whl", hash = "sha256:4f8929ee6c96bfbd7b4ed2032e0c03af86fe1826740ab61ddabf9072d06e57ff", size = 17040975, upload-time = "2026-09-06T16:24:45.961Z" },
    { url = "https://files.pythonhosted.org/packages/62/4a/8877e629445a7176297dffcaf9c485faa96a95d81728a62521ad55bd4c0f/numpy-2.5.3-cp312-cp312-musllinux_1_2_x86_64.whl", hash = "sha256:b5d93cf48f687479941d12b69c873ad2cc76bbd487f0091c2200636497f34034", size = 18476479, upload-time = "2026-09-06T16:24:49.35Z" },
    { url = "https://files.pythonhosted.org/packages/c8/db/35e1c2d38b04cbd5b731f9d71495e055e813197669d22b612f11748d2ff9/numpy-2.5.3-cp312-cp312-win32.whl", hash = "sha256:bf63afbe037eb5d2fe87fbcc7778e61da53ebaf21d938a4515aa73b62532a5d4", size = 6133378, upload-time = "2026-09-06T16:24:51.915Z" },
    { url = "https://files.pythonhosted.org/packages/3c/a1/accf6d4f0c80c5d9ba9735d6b1550e444180599f34dec69ca01360f717ad/numpy-2.5.3-cp312-cp312-win_amd64.whl", hash = "sha256:0a59a421a32580a009e8a1751345bf829631b990dc1794b80514ab722b435def", size = 12567828, upload-time = "2026-09-06T16:24:54.255Z" },
    { url = "https://files.pythonhosted.org/packages/22/43/1764aff32e4652526ae2f71fa8b3efd8d25c8a3d6926914454e47138ed1e/numpy-2.5.3-cp312-cp312-win_arm64.whl", hash = "sha256:ccb32e0525d29e8b0572eb84c9a57af0e7a4e615726927506f55063c62414034", size = 10485432, upload-time = "2026-09-06T16:24:57.278Z" },
]

[[package]]
name = "openpyxl"
version = "3.1.5"
source = { registry = "https://pypi.org/simple" }
dependencies = [
    { name = "et-xmlfile" },
]
sdist = { url = "https://files.pythonhosted.org/packages/3d/f9/88d94a75de065ea32619465d2f77b29a0469500e99012523b91cc4141cd1/openpyxl-3.1.5.tar.gz", hash = "sha256:cf0e3cf56142039133628b5acffe8ef0c12bc902d2aadd3e0fe5878dc08d1050", size = 186464, upload-time = "2024-06-28T14:03:44.161Z" }
wheels = [
    { url = "https://files.pythonhosted.org/packages/c0/da/977ded879c29cbd04de313843e76868e6e13408a94ed6b987245dc7c8506/openpyxl-3.1.5-py2.py3-none-any.whl", hash = "sha256:5282c12b107bffeef825f4617dc029afaf41d0ea60823bbb665ef3079dc79de2", size = 250910, upload-time = "2024-06-28T14:03:41.161Z" },
]

[[package]]
name = "packaging"
version = "26.3"
source = { registry = "https://pypi.org/simple" }
sdist = { url = "https://files.pythonhosted.org/packages/7d/fa/3944b40b07da9ce895c0e6303a5ab7d53da063554f534556b134a54d6093/packaging-26.3.tar.gz", hash = "sha256:94edc256424af38762eb31306eed28beb9f0efc50a8837492c9d6fd6004aed79", size = 313412, upload-time = "2026-08-04T18:15:28.737Z" }
wheels = [
    { url = "https://files.pythonhosted.org/packages/63/34/ba1c580383c9eada3711951fef0795c80b829a078d72188184bcab9dd527/packaging-26.3-py3-none-any.whl", hash = "sha256:d7193f7c8e4e93f444fde0262bf90af30e16fa0ad0ad44cb553c87339b23cd1c", size = 129956, upload-time = "2026-08-04T18:15:27.159Z" },
]

[[package]]
name = "pandas"
version = "2.2.3"
source = { registry = "https://pypi.org/simple" }
dependencies = [
    { name = "numpy" },
    { name = "python-dateutil" },
    { name = "pytz" },
    { name = "tzdata" },
]
sdist = { url = "https://files.pythonhosted.org/packages/9c/d6/9f8431bacc2e19dca897724cd097b1bb224a6ad5433784a44b587c7c13af/pandas-2.2.3.tar.gz", hash = "sha256:4f18ba62b61d7e192368b84517265a99b4d7ee8912f8708660fb4a366cc82667", size = 4399213, upload-time = "2024-09-20T13:10:04.827Z" }
wheels = [
    { url = "https://files.pythonhosted.org/packages/17/a3/fb2734118db0af37ea7433f57f722c0a56687e14b14690edff0cdb4b7e58/pandas-2.2.3-cp312-cp312-macosx_10_9_x86_64.whl", hash = "sha256:b1d432e8d08679a40e2a6d8b2f9770a5c21793a6f9f47fdd52c5ce1948a5a8a9", size = 12529893, upload-time = "2024-09-20T13:09:09.655Z" },
    { url = "https://files.pythonhosted.org/packages/e1/0c/ad295fd74bfac85358fd579e271cded3ac969de81f62dd0142c426b9da91/pandas-2.2.3-cp312-cp312-macosx_11_0_arm64.whl", hash = "sha256:a5a1595fe639f5988ba6a8e5bc9649af3baf26df3998a0abe56c02609392e0a4", size = 11363475, upload-time = "2024-09-20T13:09:14.718Z" },
    { url = "https://files.pythonhosted.org/packages/c6/2a/4bba3f03f7d07207481fed47f5b35f556c7441acddc368ec43d6643c5777/pandas-2.2.3-cp312-cp312-manylinux2014_aarch64.manylinux_2_17_aarch64.whl", hash = "sha256:5de54125a92bb4d1c051c0659e6fcb75256bf799a732a87184e5ea503965bce3", size = 15188645, upload-time = "2024-09-20T19:02:03.88Z" },
    { url = "https://files.pythonhosted.org/packages/38/f8/d8fddee9ed0d0c0f4a2132c1dfcf0e3e53265055da8df952a53e7eaf178c/pandas-2.2.3-cp312-cp312-manylinux_2_17_x86_64.manylinux2014_x86_64.whl", hash = "sha256:fffb8ae78d8af97f849404f21411c95062db1496aeb3e56f146f0355c9989319", size = 12739445, upload-time = "2024-09-20T13:09:17.621Z" },
    { url = "https://files.pythonhosted.org/packages/20/e8/45a05d9c39d2cea61ab175dbe6a2de1d05b679e8de2011da4ee190d7e748/pandas-2.2.3-cp312-cp312-musllinux_1_2_aarch64.whl", hash = "sha256:6dfcb5ee8d4d50c06a51c2fffa6cff6272098ad6540aed1a76d15fb9318194d8", size = 16359235, upload-time = "2024-09-20T19:02:07.094Z" },
    { url = "https://files.pythonhosted.org/packages/1d/99/617d07a6a5e429ff90c90da64d428516605a1ec7d7bea494235e1c3882de/pandas-2.2.3-cp312-cp312-musllinux_1_2_x86_64.whl", hash = "sha256:062309c1b9ea12a50e8ce661145c6aab431b1e99530d3cd60640e255778bd43a", size = 14056756, upload-time = "2024-09-20T13:09:20.474Z" },
    { url = "https://files.pythonhosted.org/packages/29/d4/1244ab8edf173a10fd601f7e13b9566c1b525c4f365d6bee918e68381889/pandas-2.2.3-cp312-cp312-win_amd64.whl", hash = "sha256:59ef3764d0fe818125a5097d2ae867ca3fa64df032331b7e0917cf5d7bf66b13", size = 11504248, upload-time = "2024-09-20T13:09:23.137Z" },
]

[[package]]
name = "pillow"
version = "11.0.0"
source = { registry = "https://pypi.org/simple" }
sdist = { url = "https://files.pythonhosted.org/packages/a5/26/0d95c04c868f6bdb0c447e3ee2de5564411845e36a858cfd63766bc7b563/pillow-11.0.0.tar.gz", hash = "sha256:72bacbaf24ac003fea9bff9837d1eedb6088758d41e100c1552930151f677739", size = 46737780, upload-time = "2024-10-15T14:24:29.672Z" }
wheels = [
    { url = "https://files.pythonhosted.org/packages/1c/a3/26e606ff0b2daaf120543e537311fa3ae2eb6bf061490e4fea51771540be/pillow-11.0.0-cp312-cp312-macosx_10_13_x86_64.whl", hash = "sha256:d2c0a187a92a1cb5ef2c8ed5412dd8d4334272617f532d4ad4de31e0495bd923", size = 3147642, upload-time = "2024-10-15T14:22:37.736Z" },
    { url = "https://files.pythonhosted.org/packages/4f/d5/1caabedd8863526a6cfa44ee7a833bd97f945dc1d56824d6d76e11731939/pillow-11.0.0-cp312-cp312-macosx_11_0_arm64.whl", hash = "sha256:084a07ef0821cfe4858fe86652fffac8e187b6ae677e9906e192aafcc1b69903", size = 2978999, upload-time = "2024-10-15T14:22:39.654Z" },
    { url = "https://files.pythonhosted.org/packages/d9/ff/5a45000826a1aa1ac6874b3ec5a856474821a1b59d838c4f6ce2ee518fe9/pillow-11.0.0-cp312-cp312-manylinux_2_17_aarch64.manylinux2014_aarch64.whl", hash = "sha256:8069c5179902dcdce0be9bfc8235347fdbac249d23bd90514b7a47a72d9fecf4", size = 4196794, upload-time = "2024-10-15T14:22:41.598Z" },
    { url = "https://files.pythonhosted.org/packages/9d/21/84c9f287d17180f26263b5f5c8fb201de0f88b1afddf8a2597a5c9fe787f/pillow-11.0.0-cp312-cp312-manylinux_2_17_x86_64.manylinux2014_x86_64.whl", hash = "sha256:f02541ef64077f22bf4924f225c0fd1248c168f86e4b7abdedd87d6ebaceab0f", size = 4300762, upload-time = "2024-10-15T14:22:45.952Z" },
    { url = "https://files.pythonhosted.org/packages/84/39/63fb87cd07cc541438b448b1fed467c4d687ad18aa786a7f8e67b255d1aa/pillow-11.0.0-cp312-cp312-manylinux_2_28_aarch64.whl", hash = "sha256:fcb4621042ac4b7865c179bb972ed0da0218a076dc1820ffc48b1d74c1e37fe9", size = 4210468, upload-time = "2024-10-15T14:22:47.789Z" },
    { url = "https://files.pythonhosted.org/packages/7f/42/6e0f2c2d5c60f499aa29be14f860dd4539de322cd8fb84ee01553493fb4d/pillow-11.0.0-cp312-cp312-manylinux_2_28_x86_64.whl", hash = "sha256:00177a63030d612148e659b55ba99527803288cea7c75fb05766ab7981a8c1b7", size = 4381824, upload-time = "2024-10-15T14:22:49.668Z" },
    { url = "https://files.pythonhosted.org/packages/31/69/1ef0fb9d2f8d2d114db982b78ca4eeb9db9a29f7477821e160b8c1253f67/pillow-11.0.0-cp312-cp312-musllinux_1_2_aarch64.whl", hash = "sha256:8853a3bf12afddfdf15f57c4b02d7ded92c7a75a5d7331d19f4f9572a89c17e6", size = 4296436, upload-time = "2024-10-15T14:22:51.911Z" },
    { url = "https://files.pythonhosted.org/packages/44/ea/dad2818c675c44f6012289a7c4f46068c548768bc6c7f4e8c4ae5bbbc811/pillow-11.0.0-cp312-cp312-musllinux_1_2_x86_64.whl", hash = "sha256:3107c66e43bda25359d5ef446f59c497de2b5ed4c7fdba0894f8d6cf3822dafc", size = 4429714, upload-time = "2024-10-15T14:22:53.967Z" },
    { url = "https://files.pythonhosted.org/packages/af/3a/da80224a6eb15bba7a0dcb2346e2b686bb9bf98378c0b4353cd88e62b171/pillow-11.0.0-cp312-cp312-win32.whl", hash = "sha256:86510e3f5eca0ab87429dd77fafc04693195eec7fd6a137c389c3eeb4cfb77c6", size = 2249631, upload-time = "2024-10-15T14:22:56.404Z" },
    { url = "https://files.pythonhosted.org/packages/57/97/73f756c338c1d86bb802ee88c3cab015ad7ce4b838f8a24f16b676b1ac7c/pillow-11.0.0-cp312-cp312-win_amd64.whl", hash = "sha256:8ec4a89295cd6cd4d1058a5e6aec6bf51e0eaaf9714774e1bfac7cfc9051db47", size = 2567533, upload-time = "2024-10-15T14:22:58.087Z" },
    { url = "https://files.pythonhosted.org/packages/0b/30/2b61876e2722374558b871dfbfcbe4e406626d63f4f6ed92e9c8e24cac37/pillow-11.0.0-cp312-cp312-win_arm64.whl", hash = "sha256:27a7860107500d813fcd203b4ea19b04babe79448268403172782754870dac25", size = 2254890, upload-time = "2024-10-15T14:22:59.918Z" },
]

[[package]]
name = "pluggy"
version = "1.6.0"
source = { registry = "https://pypi.org/simple" }
sdist = { url = "https://files.pythonhosted.org/packages/f9/e2/3e91f31a7d2b083fe6ef3fa267035b518369d9511ffab804f839851d2779/pluggy-1.6.0.tar.gz", hash = "sha256:7dcc130b76258d33b90f61b658791dede3486c3e6bfb003ee5c9bfb396dd22f3", size = 69412, upload-time = "2025-05-15T12:30:07.975Z" }
wheels = [
    { url = "https://files.pythonhosted.org/packages/54/20/4d324d65cc6d9205fabedc306948156824eb9f0ee1633355a8f7ec5c66bf/pluggy-1.6.0-py3-none-any.whl", hash = "sha256:e920276dd6813095e9377c0bc5566d94c932c33b27a3e3945d8389c374dd4746", size = 20538, upload-time = "2025-05-15T12:30:06.134Z" },
]

[[package]]
name = "pymupdf"
version = "1.25.1"
source = { registry = "https://pypi.org/simple" }
sdist = { url = "https://files.pythonhosted.org/packages/c3/88/76c076c152be6d29a792defc3b3bff73de7f690e55f978b66adf6dbb8a1a/pymupdf-1.25.1.tar.gz", hash = "sha256:6725bec0f37c2380d926f792c262693c926af7cc1aa5aa2b8207e771867f015a", size = 60979390, upload-time = "2024-12-11T22:48:29.134Z" }
wheels = [
    { url = "https://files.pythonhosted.org/packages/92/7b/e7205ea48f547122c226a34f5452bc72915b6d06d7925970b8dd3493baf1/pymupdf-1.25.1-cp39-abi3-macosx_10_9_x86_64.whl", hash = "sha256:793f9f6d51029e97851c711b3f6d9fe912313d95a306fbe8b1866f301d0e2bd3", size = 19364135, upload-time = "2024-12-11T22:46:33.93Z" },
    { url = "https://files.pythonhosted.org/packages/0e/b6/2ad245dcbbb1abae9eeb8de5049b27c12c9ee8590c6c769499e386164bd6/pymupdf-1.25.1-cp39-abi3-macosx_11_0_arm64.whl", hash = "sha256:15e6f4013ad0a029a2221920f9d2081f56dc43259dabfdf5cad7fbf1cee4b5a7", size = 18598176, upload-time = "2024-12-11T22:46:51.853Z" },
    { url = "https://files.pythonhosted.org/packages/32/bf/d7697604ea2b1fe299c7bdf4b57e3549693ce73f75c44e890cfd34837d23/pymupdf-1.25.1-cp39-abi3-manylinux2014_aarch64.manylinux_2_17_aarch64.whl", hash = "sha256:a39afbd80381f43e30d6eb2ec4613f465f507ac2b76070abdd2da8724f32ef36", size = 19458090, upload-time = "2024-12-12T11:15:44.604Z" },
    { url = "https://files.pythonhosted.org/packages/77/15/7bf672afb99002ad813aeb4886cc601bb9a4629210d9a3906a8d5650a941/pymupdf-1.25.1-cp39-abi3-manylinux2014_x86_64.manylinux_2_17_x86_64.whl", hash = "sha256:b63f8e9e65b0bda48f9217efd4d2a8c6d7a739dd28baf460c1ae78439b9af489", size = 20021618, upload-time = "2024-12-11T22:47:04.314Z" },
    { url = "https://files.pythonhosted.org/packages/8c/e3/1a7a8400f1688c3c782478635ca929f85facd266157e4b90d650766bc49d/pymupdf-1.25.1-cp39-abi3-musllinux_1_2_x86_64.whl", hash = "sha256:a687bd387589e30abd810a78a23341f57f43fa16a4d8d8c0b870bb6d89607343", size = 21144453, upload-time = "2024-12-11T22:46:02.351Z" },
    { url = "https://files.pythonhosted.org/packages/a1/d1/440b267842a1374f8d55c508302882f2ef7dd0f859514f060e1618ef97aa/pymupdf-1.25.1-cp39-abi3-win32.whl", hash = "sha256:fc7dbc1aa9e298a4c81084e389c9623c26fcaa232c71efaa073af150069e2221", size = 15112052, upload-time = "2024-12-11T22:47:35.641Z" },
    { url = "https://files.pythonhosted.org/packages/46/72/8c5bbf817aacebe21a454f3ade8ee4b5b17afe698bb73d65c4ca23a89a87/pymupdf-1.25.1-cp39-abi3-win_amd64.whl", hash = "sha256:e2b0b73c0aab0f863e5132c93cfa4607e8129feb1afa3d544b2cf7f172c50b5a", size = 16559080, upload-time = "2024-12-11T22:47:20.112Z" },
]

[[package]]
name = "pypdf"
version = "5.1.0"
source = { registry = "https://pypi.org/simple" }
sdist = { url = "https://files.pythonhosted.org/packages/6b/9a/72d74f05f64895ebf1c7f6646cf7fe6dd124398c5c49240093f92d6f0fdd/pypdf-5.1.0.tar.gz", hash = "sha256:425a129abb1614183fd1aca6982f650b47f8026867c0ce7c4b9f281c443d2740", size = 5011381, upload-time = "2024-10-27T19:46:47.002Z" }
wheels = [
    { url = "https://files.pythonhosted.org/packages/04/fc/6f52588ac1cb4400a7804ef88d0d4e00cfe57a7ac6793ec3b00de5a8758b/pypdf-5.1.0-py3-none-any.whl", hash = "sha256:3bd4f503f4ebc58bae40d81e81a9176c400cbbac2ba2d877367595fb524dfdfc", size = 297976, upload-time = "2024-10-27T19:46:44.439Z" },
]

[[package]]
name = "pytest"
version = "8.3.4"
source = { registry = "https://pypi.org/simple" }
dependencies = [
    { name = "colorama", marker = "sys_platform == 'win32'" },
    { name = "iniconfig" },
    { name = "packaging" },
    { name = "pluggy" },
]
sdist = { url = "https://files.pythonhosted.org/packages/05/35/30e0d83068951d90a01852cb1cef56e5d8a09d20c7f511634cc2f7e0372a/pytest-8.3.4.tar.gz", hash = "sha256:965370d062bce11e73868e0335abac31b4d3de0e82f4007408d242b4f8610761", size = 1445919, upload-time = "2024-12-01T12:54:25.98Z" }
wheels = [
    { url = "https://files.pythonhosted.org/packages/11/92/76a1c94d3afee238333bc0a42b82935dd8f9cf8ce9e336ff87ee14d9e1cf/pytest-8.3.4-py3-none-any.whl", hash = "sha256:50e16d954148559c9a74109af1eaf0c945ba2d8f30f0a3d3335edde19788b6f6", size = 343083, upload-time = "2024-12-01T12:54:19.735Z" },
]

[[package]]
name = "python-dateutil"
version = "2.9.0.post0"
source = { registry = "https://pypi.org/simple" }
dependencies = [
    { name = "six" },
]
sdist = { url = "https://files.pythonhosted.org/packages/66/c0/0c8b6ad9f17a802ee498c46e004a0eb49bc148f2fd230864601a86dcf6db/python-dateutil-2.9.0.post0.tar.gz", hash = "sha256:37dd54208da7e1cd875388217d5e00ebd4179249f90fb72437e91a35459a0ad3", size = 342432, upload-time = "2024-03-01T18:36:20.211Z" }
wheels = [
    { url = "https://files.pythonhosted.org/packages/ec/57/56b9bcc3c9c6a792fcbaf139543cee77261f3651ca9da0c93f5c1221264b/python_dateutil-2.9.0.post0-py2.py3-none-any.whl", hash = "sha256:a8b2bc7bffae282281c8140a97d3aa9c14da0b136dfe83f850eea9a5f7470427", size = 229892, upload-time = "2024-03-01T18:36:18.57Z" },
]

[[package]]
name = "pytz"
version = "2026.5"
source = { registry = "https://pypi.org/simple" }
sdist = { url = "https://files.pythonhosted.org/packages/14/21/d83d6ef28c4c912c4bb4d1dcf591f7b8c6bde87b9c66f9f454677314e16d/pytz-2026.5.tar.gz", hash = "sha256:fa23724b9c486543b9ff54a327ee7569ac83ade54bb9afd0fc18676620401c86", size = 318572, upload-time = "2026-10-04T02:37:58.719Z" }
wheels = [
    { url = "https://files.pythonhosted.org/packages/4f/ef/c66110d46fb800dda0bf33164182dfadabe26a90e4476844d502a23dca8e/pytz-2026.5-py2.py3-none-any.whl", hash = "sha256:e658af3757f9e26a9d25dd2aff38335acd92bc9104f890a894b2c1ba28311b03", size = 506342, upload-time = "2026-10-04T02:37:56.814Z" },
]

[[package]]
name = "referencing"
version = "0.37.0"
source = { registry = "https://pypi.org/simple" }
dependencies = [
    { name = "attrs" },
    { name = "rpds-py" },
    { name = "typing-extensions" },
]
sdist = { url = "https://files.pythonhosted.org/packages/22/f5/df4e9027acead3ecc63e50fe1e36aca1523e1719559c499951bb4b53188f/referencing-0.37.0.tar.gz", hash = "sha256:44aefc3142c5b842538163acb373e24cce6632bd54bdb01b21ad5863489f50d8", size = 78036, upload-time = "2025-10-13T15:30:48.871Z" }
wheels = [
    { url = "https://files.pythonhosted.org/packages/2c/58/ca301544e1fa93ed4f80d724bf5b194f6e4b945841c5bfd555878eea9fcb/referencing-0.37.0-py3-none-any.whl", hash = "sha256:381329a9f99628c9069361716891d34ad94af76e461dcb0335825aecc7692231", size = 26766, upload-time = "2025-10-13T15:30:47.625Z" },
]

[[package]]
name = "reportlab"
version = "4.2.5"
source = { registry = "https://pypi.org/simple" }
dependencies = [
    { name = "chardet" },
    { name = "pillow" },
]
sdist = { url = "https://files.pythonhosted.org/packages/c2/4c/ac8c34dc022fd4f542bc86d266b0bf83ce079917875d16ab52b95c588a34/reportlab-4.2.5.tar.gz", hash = "sha256:5cf35b8fd609b68080ac7bbb0ae1e376104f7d5f7b2d3914c7adc63f2593941f", size = 3581379, upload-time = "2024-10-01T16:03:41.05Z" }
wheels = [
    { url = "https://files.pythonhosted.org/packages/73/12/6444906db1bc65d3a8118afb089d53c7eeca0726164f51eb3599de1d0665/reportlab-4.2.5-py3-none-any.whl", hash = "sha256:eb2745525a982d9880babb991619e97ac3f661fae30571b7d50387026ca765ee", size = 1942821, upload-time = "2024-10-01T16:03:37.012Z" },
]

[[package]]
name = "rpds-py"
version = "2026.9.1"
source = { registry = "https://pypi.org/simple" }
sdist = { url = "https://files.pythonhosted.org/packages/42/68/3bd46b8a5e01d3c2ebdf9c5e9497912e3fe0cde02bac21a7130ca866e403/rpds_py-2026.9.1.tar.gz", hash = "sha256:4793ef7f78268b124b73fa933440f01d258bbae01de9fa53e9080c9ab0425a12", size = 63948, upload-time = "2026-10-04T16:32:36.469Z" }
wheels = [
    { url = "https://files.pythonhosted.org/packages/5d/34/a828586ea3329fbb50895b50e9cf98ca3d924a9f41a0b26d443bff1b3794/rpds_py-2026.9.1-cp312-cp312-macosx_10_12_x86_64.whl", hash = "sha256:50906f5aea24b5a865cbd0a589698288631d9f3a54c3a937c83aefa95a0d14af", size = 346822, upload-time = "2026-10-04T16:29:16.258Z" },
    { url = "https://files.pythonhosted.org/packages/90/81/ac6a0d064982251856ce009c9e1dd51a34110b3c055aa7d1aad18b4899a3/rpds_py-2026.9.1-cp312-cp312-macosx_11_0_arm64.whl", hash = "sha256:e21c1429e205828ea886a2293a4a2c8e01f4c25d9893ca330e97a6cf73f52e7b", size = 341380, upload-time = "2026-10-04T16:29:17.706Z" },
    { url = "https://files.pythonhosted.org/packages/42/ff/bf7d54f362748fd6a49277b9d6531c394074110fedf50ad791ec59133fbb/rpds_py-2026.9.1-cp312-cp312-manylinux_2_17_aarch64.manylinux2014_aarch64.whl", hash = "sha256:2693b2728bbcc48d09a981a356954b0c47c53ff25b545856f28a889ea619f69a", size = 373053, upload-time = "2026-10-04T16:29:19.063Z" },
    { url = "https://files.pythonhosted.org/packages/60/de/74b0ccdbbd28687b9b5fdb34c1cabed88352182facaced9d6f5486b8b9ed/rpds_py-2026.9.1-cp312-cp312-manylinux_2_17_armv7l.manylinux2014_armv7l.whl", hash = "sha256:8601470267d938bcb7f3ab1a336100af51a4fd5b6ed030ef52461bb3ef5e7e07", size = 377742, upload-time = "2026-10-04T16:29:20.543Z" },
    { url = "https://files.pythonhosted.org/packages/c2/6d/b979775a3057b2a5c26d75ecbff60a20a24ef081db6dd76836fca3f20247/rpds_py-2026.9.1-cp312-cp312-manylinux_2_17_ppc64le.manylinux2014_ppc64le.whl", hash = "sha256:3890a6aa36e6baa53d5258a2a25d3ef8b37ad165a6ab27a892d7c3e3a432cd69", size = 487289, upload-time = "2026-10-04T16:29:21.958Z" },
    { url = "https://files.pythonhosted.org/packages/1d/5d/7c34734ce3ece943d9d6ee0122a74a21bbc75b47acb5b7053c83f6efb1ed/rpds_py-2026.9.1-cp312-cp312-manylinux_2_17_s390x.manylinux2014_s390x.whl", hash = "sha256:6b5b393eda5ea42cca1c1a6665f2a4882b4fd5d1777e41ce0545a107fb008c9d", size = 390710, upload-time = "2026-10-04T16:29:23.378Z" },
    { url = "https://files.pythonhosted.org/packages/1d/6d/b26eb1e75395925b3a142ed351cbed2ec8212f5c9d937aee3df32c701baa/rpds_py-2026.9.1-cp312-cp312-manylinux_2_17_x86_64.manylinux2014_x86_64.whl", hash = "sha256:addeda51556dac7c1a2f14cda62db8b621cd12afba3091d03a96c72932387eab", size = 371261, upload-time = "2026-10-04T16:29:25.1Z" },
    { url = "https://files.pythonhosted.org/packages/7c/98/b2fdfe10301a9e27af21e634337fbba7baac0bc17fe44619a17c26bba2cb/rpds_py-2026.9.1-cp312-cp312-manylinux_2_31_riscv64.whl", hash = "sha256:d9edf30457d74eebfd76b045535e36f1cd89062566a128a0db2145ca042d787e", size = 376075, upload-time = "2026-10-04T16:29:26.748Z" },
    { url = "https://files.pythonhosted.org/packages/c5/b1/c4b8d954e49c3c69cf8063c0c9e0919c99f3d2cecc46311606a1cbe835dc/rpds_py-2026.9.1-cp312-cp312-manylinux_2_5_i686.manylinux1_i686.whl", hash = "sha256:815d26356930846a40c7bc1366e7b1b0320ab8a063e66c11298a208bed0fd237", size = 399358, upload-time = "2026-10-04T16:29:28.282Z" },
    { url = "https://files.pythonhosted.org/packages/b3/59/9559a7293c97dff0cbb293efffbd36644103883ecc27741af8ef90c84ca8/rpds_py-2026.9.1-cp312-cp312-musllinux_1_2_aarch64.whl", hash = "sha256:3b5a6f40f0a1486b4b36c888123afc67acdbd9f33235927acf5ff295429a0ba3", size = 550267, upload-time = "2026-10-04T16:29:29.851Z" },
    { url = "https://files.pythonhosted.org/packages/6c/9d/6dc60e49511de4c8b00e74f9c1d43aed4d27f712cdb1ade92f2c199cbf64/rpds_py-2026.9.1-cp312-cp312-musllinux_1_2_i686.whl", hash = "sha256:b5b8b0753718d258fd454283fbd57e14545d3b40583fa672e27cb4f987626bcc", size = 614018, upload-time = "2026-10-04T16:29:31.54Z" },
    { url = "https://files.pythonhosted.org/packages/fb/bc/92a4ecf27301b886232a413360f6b348a81d55ffef654f2ebda5970ebc3d/rpds_py-2026.9.1-cp312-cp312-musllinux_1_2_x86_64.whl", hash = "sha256:46d80bc76b51a6c24f9944368c28d38b8bcbcea1da4f2f8d3ebc31a67e8c6ec6", size = 578509, upload-time = "2026-10-04T16:29:33.01Z" },
    { url = "https://files.pythonhosted.org/packages/08/53/efb97f2e6589b7ab8394385a73870e0b2ab2a195281c117b21fd6d7d4855/rpds_py-2026.9.1-cp312-cp312-win32.whl", hash = "sha256:befc2d6a953e563f8a7bfd87a42c22ebf8a3e980dcb7b6a4d17b70b0e914e8a3", size = 205401, upload-time = "2026-10-04T16:29:34.451Z" },
    { url = "https://files.pythonhosted.org/packages/1c/84/1700cc748d0eaa747486e4e82882d2575224e6e9a3148df583058850c629/rpds_py-2026.9.1-cp312-cp312-win_amd64.whl", hash = "sha256:5ce8943f79c2210f7abcc28e86367b03b28d95027fd01c46d2472373ae70c86f", size = 222923, upload-time = "2026-10-04T16:29:35.709Z" },
    { url = "https://files.pythonhosted.org/packages/c3/89/0302215373c2f8b4408b0fdfee955368cc378a98ff59508d47a7e0dc2dbf/rpds_py-2026.9.1-cp312-cp312-win_arm64.whl", hash = "sha256:501909f2e4a1e2dee528ef766fe3c469060ebc17e54a8383d404ba07a81a6f02", size = 218415, upload-time = "2026-10-04T16:29:37.263Z" },
    { url = "https://files.pythonhosted.org/packages/a3/90/a9ba81408369d34c1aca73319c15adc91ed45c1d21e9e8ee4832ffb7fe0b/rpds_py-2026.9.1-pp312-pypy312_pp73-manylinux_2_17_aarch64.manylinux2014_aarch64.whl", hash = "sha256:6cdc537c8633d7fd92a82e2e0d2ab74320a3f63d5e59fb9cf08711e08fe151c4", size = 381109, upload-time = "2026-10-04T16:32:08.994Z" },
    { url = "https://files.pythonhosted.org/packages/b3/44/5192a0bed94cec86bd2a5e1cc5a1bb8f7eec3aec907eacd2deb13e87e326/rpds_py-2026.9.1-pp312-pypy312_pp73-manylinux_2_17_armv7l.manylinux2014_armv7l.whl", hash = "sha256:10e208f2425d973938afcd56e28a7c4be32e27b6a60b5d381f49fb9d8acf9759", size = 388222, upload-time = "2026-10-04T16:32:11.321Z" },
    { url = "https://files.pythonhosted.org/packages/92/cd/5356549711448f18b52f7a11ffbe90f1228774996fbf3c6cd1b18d22abaf/rpds_py-2026.9.1-pp312-pypy312_pp73-manylinux_2_17_ppc64le.manylinux2014_ppc64le.whl", hash = "sha256:6c0dbbcc19735fe5f8b0a54c07659d154a9e69f47e15d0a6ab7299215daf62cb", size = 500384, upload-time = "2026-10-04T16:32:13.478Z" },
    { url = "https://files.pythonhosted.org/packages/7a/88/ddda9d28adfe33119c75b2e733d4ba7e326f41d7e1b1093951771768ca48/rpds_py-2026.9.1-pp312-pypy312_pp73-manylinux_2_17_s390x.manylinux2014_s390x.whl", hash = "sha256:684fd492fff4fead00587544e059be2bbcb6f93454f21fa2a91b66fc7508be82", size = 401661, upload-time = "2026-10-04T16:32:15.653Z" },
    { url = "https://files.pythonhosted.org/packages/32/c3/bb59ba16a6b4a57995d15b8c04c00f28df3b938c4dcdde48fbe0f73edb0c/rpds_py-2026.9.1-pp312-pypy312_pp73-manylinux_2_17_x86_64.manylinux2014_x86_64.whl", hash = "sha256:d1028417bb44037eb3069c1009bd7b7277212876cda22fbe565b0bca9fab6d2c", size = 380748, upload-time = "2026-10-04T16:32:17.727Z" },
    { url = "https://files.pythonhosted.org/packages/f5/b8/0580faa1c5a32ddc160130dd7ae54d2d007272a89a40a6b5db3e50f9f585/rpds_py-2026.9.1-pp312-pypy312_pp73-manylinux_2_31_riscv64.whl", hash = "sha256:492e5e428cbe126221611f47e068f01660352feec4ad18bc0f5ea9b2ae88fb14", size = 385731, upload-time = "2026-10-04T16:32:19.855Z" },
    { url = "https://files.pythonhosted.org/packages/bf/70/f73564642bbe3322c7eeef2c2f258cf040b71c41a430b532e59d04a1b838/rpds_py-2026.9.1-pp312-pypy312_pp73-manylinux_2_5_i686.manylinux1_i686.whl", hash = "sha256:88b5268892fde430d5531f95bc560b6efbbd67c929662c586afd729a96e7461c", size = 412131, upload-time = "2026-10-04T16:32:22.285Z" },
    { url = "https://files.pythonhosted.org/packages/8c/5d/17fff2e1f8f68721a2afb5cb48f7e442c751bb6b4883157c5abaf618cd08/rpds_py-2026.9.1-pp312-pypy312_pp73-musllinux_1_2_aarch64.whl", hash = "sha256:01445c8d194aa032a08e944f16567672da1c62dbdbefd8b6d0693032e290cf68", size = 558193, upload-time = "2026-10-04T16:32:24.4Z" },
    { url = "https://files.pythonhosted.org/packages/2a/d0/869ab6fb08531f97aae4a780b4d61b4190d8aef48fe054ee28bcf7114466/rpds_py-2026.9.1-pp312-pypy312_pp73-musllinux_1_2_i686.whl", hash = "sha256:eef6a03b0b6d08d0835ccfa8ec8d1bc70525e3801387567137b50c557695e6da", size = 622448, upload-time = "2026-10-04T16:32:26.844Z" },
    { url = "https://files.pythonhosted.org/packages/ba/a5/9672e532fe02cd3b92c78cfd8743abca939d96853006c63835009a1ecb6f/rpds_py-2026.9.1-pp312-pypy312_pp73-musllinux_1_2_x86_64.whl", hash = "sha256:6b9bf3135b4ad5981df9a73d71a35272d650a2985ae9c2746357b24d59de2448", size = 591126, upload-time = "2026-10-04T16:32:29.274Z" },
    { url = "https://files.pythonhosted.org/packages/80/ef/3a9f8e4279c7920af561deed4cb7ebebed2794a8f608cf404d5eef14a105/rpds_py-2026.9.1-pp312-pypy312_pp80-macosx_10_12_x86_64.whl", hash = "sha256:56c6952a9b15047466d0c2347c446a761d4527f89976156341e68f0ce5cc08b0", size = 357108, upload-time = "2026-10-04T16:32:31.641Z" },
    { url = "https://files.pythonhosted.org/packages/b7/55/4b2fa381a583760aea5c92841e4e928a358e1c6511b129219e9c2826a226/rpds_py-2026.9.1-pp312-pypy312_pp80-macosx_11_0_arm64.whl", hash = "sha256:b242c27c8f836305a4a72df9cdd564386ac57b807bd252a063223331c9316b37", size = 346877, upload-time = "2026-10-04T16:32:34.061Z" },
]

[[package]]
name = "ruff"
version = "0.8.4"
source = { registry = "https://pypi.org/simple" }
sdist = { url = "https://files.pythonhosted.org/packages/34/37/9c02181ef38d55b77d97c68b78e705fd14c0de0e5d085202bb2b52ce5be9/ruff-0.8.4.tar.gz", hash = "sha256:0d5f89f254836799af1615798caa5f80b7f935d7a670fad66c5007928e57ace8", size = 3402103, upload-time = "2024-12-19T13:36:26.286Z" }
wheels = [
    { url = "https://files.pythonhosted.org/packages/05/67/f480bf2f2723b2e49af38ed2be75ccdb2798fca7d56279b585c8f553aaab/ruff-0.8.4-py3-none-linux_armv6l.whl", hash = "sha256:58072f0c06080276804c6a4e21a9045a706584a958e644353603d36ca1eb8a60", size = 10546415, upload-time = "2024-12-19T13:35:24.958Z" },
    { url = "https://files.pythonhosted.org/packages/eb/7a/5aba20312c73f1ce61814e520d1920edf68ca3b9c507bd84d8546a8ecaa8/ruff-0.8.4-py3-none-macosx_10_12_x86_64.whl", hash = "sha256:ffb60904651c00a1e0b8df594591770018a0f04587f7deeb3838344fe3adabac", size = 10346113, upload-time = "2024-12-19T13:35:29.922Z" },
    { url = "https://files.pythonhosted.org/packages/76/f4/c41de22b3728486f0aa95383a44c42657b2db4062f3234ca36fc8cf52d8b/ruff-0.8.4-py3-none-macosx_11_0_arm64.whl", hash = "sha256:6ddf5d654ac0d44389f6bf05cee4caeefc3132a64b58ea46738111d687352296", size = 9943564, upload-time = "2024-12-19T13:35:33.455Z" },
    { url = "https://files.pythonhosted.org/packages/0e/f0/afa0d2191af495ac82d4cbbfd7a94e3df6f62a04ca412033e073b871fc6d/ruff-0.8.4-py3-none-manylinux_2_17_aarch64.manylinux2014_aarch64.whl", hash = "sha256:e248b1f0fa2749edd3350a2a342b67b43a2627434c059a063418e3d375cfe643", size = 10805522, upload-time = "2024-12-19T13:35:36.514Z" },
    { url = "https://files.pythonhosted.org/packages/12/57/5d1e9a0fd0c228e663894e8e3a8e7063e5ee90f8e8e60cf2085f362bfa1a/ruff-0.8.4-py3-none-manylinux_2_17_armv7l.manylinux2014_armv7l.whl", hash = "sha256:bf197b98ed86e417412ee3b6c893f44c8864f816451441483253d5ff22c0e81e", size = 10306763, upload-time = "2024-12-19T13:35:39.257Z" },
    { url = "https://files.pythonhosted.org/packages/04/df/f069fdb02e408be8aac6853583572a2873f87f866fe8515de65873caf6b8/ruff-0.8.4-py3-none-manylinux_2_17_i686.manylinux2014_i686.whl", hash = "sha256:c41319b85faa3aadd4d30cb1cffdd9ac6b89704ff79f7664b853785b48eccdf3", size = 11359574, upload-time = "2024-12-19T13:35:44.519Z" },
    { url = "https://files.pythonhosted.org/packages/d3/04/37c27494cd02e4a8315680debfc6dfabcb97e597c07cce0044db1f9dfbe2/ruff-0.8.4-py3-none-manylinux_2_17_ppc64.manylinux2014_ppc64.whl", hash = "sha256:9f8402b7c4f96463f135e936d9ab77b65711fcd5d72e5d67597b543bbb43cf3f", size = 12094851, upload-time = "2024-12-19T13:35:48.975Z" },
    { url = "https://files.pythonhosted.org/packages/81/b1/c5d7fb68506cab9832d208d03ea4668da9a9887a4a392f4f328b1bf734ad/ruff-0.8.4-py3-none-manylinux_2_17_ppc64le.manylinux2014_ppc64le.whl", hash = "sha256:e4e56b3baa9c23d324ead112a4fdf20db9a3f8f29eeabff1355114dd96014604", size = 11655539, upload-time = "2024-12-19T13:35:52.865Z" },
    { url = "https://files.pythonhosted.org/packages/ef/38/8f8f2c8898dc8a7a49bc340cf6f00226917f0f5cb489e37075bcb2ce3671/ruff-0.8.4-py3-none-manylinux_2_17_s390x.manylinux2014_s390x.whl", hash = "sha256:736272574e97157f7edbbb43b1d046125fce9e7d8d583d5d65d0c9bf2c15addf", size = 12912805, upload-time = "2024-12-19T13:35:57.234Z" },
    { url = "https://files.pythonhosted.org/packages/06/dd/fa6660c279f4eb320788876d0cff4ea18d9af7d9ed7216d7bd66877468d0/ruff-0.8.4-py3-none-manylinux_2_17_x86_64.manylinux2014_x86_64.whl", hash = "sha256:e5fe710ab6061592521f902fca7ebcb9fabd27bc7c57c764298b1c1f15fff720", size = 11205976, upload-time = "2024-12-19T13:36:01.27Z" },
    { url = "https://files.pythonhosted.org/packages/a8/d7/de94cc89833b5de455750686c17c9e10f4e1ab7ccdc5521b8fe911d1477e/ruff-0.8.4-py3-none-musllinux_1_2_aarch64.whl", hash = "sha256:13e9ec6d6b55f6da412d59953d65d66e760d583dd3c1c72bf1f26435b5bfdbae", size = 10792039, upload-time = "2024-12-19T13:36:04.459Z" },
    { url = "https://files.pythonhosted.org/packages/6d/15/3e4906559248bdbb74854af684314608297a05b996062c9d72e0ef7c7097/ruff-0.8.4-py3-none-musllinux_1_2_armv7l.whl", hash = "sha256:97d9aefef725348ad77d6db98b726cfdb075a40b936c7984088804dfd38268a7", size = 10400088, upload-time = "2024-12-19T13:36:08.362Z" },
    { url = "https://files.pythonhosted.org/packages/a2/21/9ed4c0e8133cb4a87a18d470f534ad1a8a66d7bec493bcb8bda2d1a5d5be/ruff-0.8.4-py3-none-musllinux_1_2_i686.whl", hash = "sha256:ab78e33325a6f5374e04c2ab924a3367d69a0da36f8c9cb6b894a62017506111", size = 10900814, upload-time = "2024-12-19T13:36:12.877Z" },
    { url = "https://files.pythonhosted.org/packages/0d/5d/122a65a18955bd9da2616b69bc839351f8baf23b2805b543aa2f0aed72b5/ruff-0.8.4-py3-none-musllinux_1_2_x86_64.whl", hash = "sha256:8ef06f66f4a05c3ddbc9121a8b0cecccd92c5bf3dd43b5472ffe40b8ca10f0f8", size = 11268828, upload-time = "2024-12-19T13:36:15.718Z" },
    { url = "https://files.pythonhosted.org/packages/43/a9/1676ee9106995381e3d34bccac5bb28df70194167337ed4854c20f27c7ba/ruff-0.8.4-py3-none-win32.whl", hash = "sha256:552fb6d861320958ca5e15f28b20a3d071aa83b93caee33a87b471f99a6c0835", size = 8805621, upload-time = "2024-12-19T13:36:18.551Z" },
    { url = "https://files.pythonhosted.org/packages/10/98/ed6b56a30ee76771c193ff7ceeaf1d2acc98d33a1a27b8479cbdb5c17a23/ruff-0.8.4-py3-none-win_amd64.whl", hash = "sha256:f21a1143776f8656d7f364bd264a9d60f01b7f52243fbe90e7670c0dfe0cf65d", size = 9660086, upload-time = "2024-12-19T13:36:21.323Z" },
    { url = "https://files.pythonhosted.org/packages/13/9f/026e18ca7d7766783d779dae5e9c656746c6ede36ef73c6d934aaf4a6dec/ruff-0.8.4-py3-none-win_arm64.whl", hash = "sha256:9183dd615d8df50defa8b1d9a074053891ba39025cf5ae88e8bcb52edcc4bf08", size = 9074500, upload-time = "2024-12-19T13:36:23.92Z" },
]

[[package]]
name = "six"
version = "1.17.0"
source = { registry = "https://pypi.org/simple" }
sdist = { url = "https://files.pythonhosted.org/packages/94/e7/b2c673351809dca68a0e064b6af791aa332cf192da575fd474ed7d6f16a2/six-1.17.0.tar.gz", hash = "sha256:ff70335d468e7eb6ec65b95b99d3a2836546063f63acc5171de367e834932a81", size = 34031, upload-time = "2024-12-04T17:35:28.174Z" }
wheels = [
    { url = "https://files.pythonhosted.org/packages/b7/ce/149a00dd41f10bc29e5921b496af8b574d8413afcd5e30dfa0ed46c2cc5e/six-1.17.0-py2.py3-none-any.whl", hash = "sha256:4721f391ed90541fddacab5acf947aa0d3dc7d27b2e1e8eda2be8970586c3274", size = 11050, upload-time = "2024-12-04T17:35:26.475Z" },
]

[[package]]
name = "typing-extensions"
version = "4.16.0"
source = { registry = "https://pypi.org/simple" }
sdist = { url = "https://files.pythonhosted.org/packages/f6/cc/6253133b5bb138fc3306cebfbda2c520f545d36b5be2c7255cc528bb45d6/typing_extensions-4.16.0.tar.gz", hash = "sha256:dc983d19a509c94dba722ee6abd33940f7c05a89e243c47e907eb4db6f1a43e5", size = 113555, upload-time = "2026-07-02T08:40:05.92Z" }
wheels = [
    { url = "https://files.pythonhosted.org/packages/49/d3/b8441a820a491ddfc024b0b0cf0393375b75ea13866d9c66727e54c2fc80/typing_extensions-4.16.0-py3-none-any.whl", hash = "sha256:481caa481374e813c1b176ada14e97f1f67a4539ce9cfeb3f350d78d6370c2e8", size = 45571, upload-time = "2026-07-02T08:40:04.659Z" },
]

[[package]]
name = "tzdata"
version = "2026.5"
source = { registry = "https://pypi.org/simple" }
sdist = { url = "https://files.pythonhosted.org/packages/d9/68/f1b440335057bfce71b6e50a9d09445aa2ecbd08359a337976627b8409e7/tzdata-2026.5.tar.gz", hash = "sha256:8cc73c0a0bfca7dbfa59235d60b2eff82231dee33f53d206db1acd9173cfc0a7", size = 200404, upload-time = "2026-10-03T09:23:14.143Z" }
wheels = [
    { url = "https://files.pythonhosted.org/packages/94/21/1e5995a1c920cce14e4bffae20c665ec10e7ed03ab25e006cd741092b718/tzdata-2026.5-py2.py3-none-any.whl", hash = "sha256:b683bd1b6659ddcd810ff02ad09ba821d4bf1065072805063eb35c49617905ac", size = 347996, upload-time = "2026-10-03T09:23:12.535Z" },
]
